// !$*UTF8*$!
{
	archiveVersion = 1;
	classes = {
	};
	objectVersion = 48;
	objects = {

/* Begin PBXBuildFile section */
		2681A2F3A1E8E5EBBAA1DF4D /* Pods_xingTests.framework in Frameworks */ = {isa = PBXBuildFile; fileRef = DCDD92035E62400932CC7470 /* Pods_xingTests.framework */; };
		7916EE2ECF5F627912FD66CE /* Pods_xingUITests.framework in Frameworks */ = {isa = PBXBuildFile; fileRef = 81971CD26FF13B2B8F1B1D33 /* Pods_xingUITests.framework */; };
		E57414E5CC270675AF1A03B7 /* Pods_xing.framework in Frameworks */ = {isa = PBXBuildFile; fileRef = 1CA993201F13AC633AAC95C0 /* Pods_xing.framework */; };
		FE9E822C2039EF2F00924C89 /* Repositories.swift in Sources */ = {isa = PBXBuildFile; fileRef = FE9E822B2039EF2E00924C89 /* Repositories.swift */; };
		FE9E822F203A2D0800924C89 /* Model.xcdatamodeld in Sources */ = {isa = PBXBuildFile; fileRef = FE9E822D203A2D0800924C89 /* Model.xcdatamodeld */; };
		FE9E8232203A3A2600924C89 /* CoreData.swift in Sources */ = {isa = PBXBuildFile; fileRef = FE9E8231203A3A2600924C89 /* CoreData.swift */; };
		FE9E8234203A3D1800924C89 /* CoreDataParser.swift in Sources */ = {isa = PBXBuildFile; fileRef = FE9E8233203A3D1800924C89 /* CoreDataParser.swift */; };
		FE9E8237203A45F500924C89 /* Reachability.swift in Sources */ = {isa = PBXBuildFile; fileRef = FE9E8236203A45F500924C89 /* Reachability.swift */; };
		FEB2E1392039E61F00FBC1FD /* AppDelegate.swift in Sources */ = {isa = PBXBuildFile; fileRef = FEB2E1382039E61F00FBC1FD /* AppDelegate.swift */; };
		FEB2E13E2039E61F00FBC1FD /* Main.storyboard in Resources */ = {isa = PBXBuildFile; fileRef = FEB2E13C2039E61F00FBC1FD /* Main.storyboard */; };
		FEB2E1402039E61F00FBC1FD /* Assets.xcassets in Resources */ = {isa = PBXBuildFile; fileRef = FEB2E13F2039E61F00FBC1FD /* Assets.xcassets */; };
		FEB2E1432039E61F00FBC1FD /* LaunchScreen.storyboard in Resources */ = {isa = PBXBuildFile; fileRef = FEB2E1412039E61F00FBC1FD /* LaunchScreen.storyboard */; };
		FEB2E14E2039E61F00FBC1FD /* xingTests.swift in Sources */ = {isa = PBXBuildFile; fileRef = FEB2E14D2039E61F00FBC1FD /* xingTests.swift */; };
		FEB2E1592039E61F00FBC1FD /* xingUITests.swift in Sources */ = {isa = PBXBuildFile; fileRef = FEB2E1582039E61F00FBC1FD /* xingUITests.swift */; };
		FEB2E1672039E64400FBC1FD /* MainViewController.swift in Sources */ = {isa = PBXBuildFile; fileRef = FEB2E1662039E64400FBC1FD /* MainViewController.swift */; };
		FEB2E1692039E80B00FBC1FD /* ExtensionMainView.swift in Sources */ = {isa = PBXBuildFile; fileRef = FEB2E1682039E80B00FBC1FD /* ExtensionMainView.swift */; };
		FEB2E16C2039E8C500FBC1FD /* MainCollectionViewCell.swift in Sources */ = {isa = PBXBuildFile; fileRef = FEB2E16B2039E8C500FBC1FD /* MainCollectionViewCell.swift */; };
		FEB2E1702039E9BB00FBC1FD /* Repository.swift in Sources */ = {isa = PBXBuildFile; fileRef = FEB2E16F2039E9BB00FBC1FD /* Repository.swift */; };
		FEB2E1722039ED1A00FBC1FD /* DownloadData.swift in Sources */ = {isa = PBXBuildFile; fileRef = FEB2E1712039ED1A00FBC1FD /* DownloadData.swift */; };
		FEB2E1742039ED6400FBC1FD /* URLFiles.swift in Sources */ = {isa = PBXBuildFile; fileRef = FEB2E1732039ED6400FBC1FD /* URLFiles.swift */; };
		FEB2E1762039EDC300FBC1FD /* JsonParser.swift in Sources */ = {isa = PBXBuildFile; fileRef = FEB2E1752039EDC300FBC1FD /* JsonParser.swift */; };
/* End PBXBuildFile section */

/* Begin PBXContainerItemProxy section */
		FEB2E14A2039E61F00FBC1FD /* PBXContainerItemProxy */ = {
			isa = PBXContainerItemProxy;
			containerPortal = FEB2E12D2039E61F00FBC1FD /* Project object */;
			proxyType = 1;
			remoteGlobalIDString = FEB2E1342039E61F00FBC1FD;
			remoteInfo = xing;
		};
		FEB2E1552039E61F00FBC1FD /* PBXContainerItemProxy */ = {
			isa = PBXContainerItemProxy;
			containerPortal = FEB2E12D2039E61F00FBC1FD /* Project object */;
			proxyType = 1;
			remoteGlobalIDString = FEB2E1342039E61F00FBC1FD;
			remoteInfo = xing;
		};
/* End PBXContainerItemProxy section */

/* Begin PBXFileReference section */
		1CA993201F13AC633AAC95C0 /* Pods_xing.framework */ = {isa = PBXFileReference; explicitFileType = wrapper.framework; includeInIndex = 0; path = Pods_xing.framework; sourceTree = BUILT_PRODUCTS_DIR; };
		754F7B8DDD256B16548C4A6A /* Pods-xingUITests.release.xcconfig */ = {isa = PBXFileReference; includeInIndex = 1; lastKnownFileType = text.xcconfig; name = "Pods-xingUITests.release.xcconfig"; path = "Pods/Target Support Files/Pods-xingUITests/Pods-xingUITests.release.xcconfig"; sourceTree = "<group>"; };
		81971CD26FF13B2B8F1B1D33 /* Pods_xingUITests.framework */ = {isa = PBXFileReference; explicitFileType = wrapper.framework; includeInIndex = 0; path = Pods_xingUITests.framework; sourceTree = BUILT_PRODUCTS_DIR; };
		89ECDE2CBB854C3D14C0FF7D /* Pods-xing.release.xcconfig */ = {isa = PBXFileReference; includeInIndex = 1; lastKnownFileType = text.xcconfig; name = "Pods-xing.release.xcconfig"; path = "Pods/Target Support Files/Pods-xing/Pods-xing.release.xcconfig"; sourceTree = "<group>"; };
		96C1D92476E4DE311950B72F /* Pods-xing.debug.xcconfig */ = {isa = PBXFileReference; includeInIndex = 1; lastKnownFileType = text.xcconfig; name = "Pods-xing.debug.xcconfig"; path = "Pods/Target Support Files/Pods-xing/Pods-xing.debug.xcconfig"; sourceTree = "<group>"; };
		9C3C7AC26871EB71ADD35B31 /* Pods-xingTests.debug.xcconfig */ = {isa = PBXFileReference; includeInIndex = 1; lastKnownFileType = text.xcconfig; name = "Pods-xingTests.debug.xcconfig"; path = "Pods/Target Support Files/Pods-xingTests/Pods-xingTests.debug.xcconfig"; sourceTree = "<group>"; };
		D266A3EA76647823365C0B10 /* Pods-xingTests.release.xcconfig */ = {isa = PBXFileReference; includeInIndex = 1; lastKnownFileType = text.xcconfig; name = "Pods-xingTests.release.xcconfig"; path = "Pods/Target Support Files/Pods-xingTests/Pods-xingTests.release.xcconfig"; sourceTree = "<group>"; };
		DCDD92035E62400932CC7470 /* Pods_xingTests.framework */ = {isa = PBXFileReference; explicitFileType = wrapper.framework; includeInIndex = 0; path = Pods_xingTests.framework; sourceTree = BUILT_PRODUCTS_DIR; };
		F988716A9785EF613C282D55 /* Pods-xingUITests.debug.xcconfig */ = {isa = PBXFileReference; includeInIndex = 1; lastKnownFileType = text.xcconfig; name = "Pods-xingUITests.debug.xcconfig"; path = "Pods/Target Support Files/Pods-xingUITests/Pods-xingUITests.debug.xcconfig"; sourceTree = "<group>"; };
		FE9E822B2039EF2E00924C89 /* Repositories.swift */ = {isa = PBXFileReference; lastKnownFileType = sourcecode.swift; path = Repositories.swift; sourceTree = "<group>"; };
		FE9E822E203A2D0800924C89 /* Model.xcdatamodel */ = {isa = PBXFileReference; lastKnownFileType = wrapper.xcdatamodel; path = Model.xcdatamodel; sourceTree = "<group>"; };
		FE9E8231203A3A2600924C89 /* CoreData.swift */ = {isa = PBXFileReference; lastKnownFileType = sourcecode.swift; path = CoreData.swift; sourceTree = "<group>"; };
		FE9E8233203A3D1800924C89 /* CoreDataParser.swift */ = {isa = PBXFileReference; lastKnownFileType = sourcecode.swift; path = CoreDataParser.swift; sourceTree = "<group>"; };
		FE9E8236203A45F500924C89 /* Reachability.swift */ = {isa = PBXFileReference; lastKnownFileType = sourcecode.swift; path = Reachability.swift; sourceTree = "<group>"; };
		FEB2E1352039E61F00FBC1FD /* xing.app */ = {isa = PBXFileReference; explicitFileType = wrapper.application; includeInIndex = 0; path = xing.app; sourceTree = BUILT_PRODUCTS_DIR; };
		FEB2E1382039E61F00FBC1FD /* AppDelegate.swift */ = {isa = PBXFileReference; lastKnownFileType = sourcecode.swift; path = AppDelegate.swift; sourceTree = "<group>"; };
		FEB2E13D2039E61F00FBC1FD /* Base */ = {isa = PBXFileReference; lastKnownFileType = file.storyboard; name = Base; path = Base.lproj/Main.storyboard; sourceTree = "<group>"; };
		FEB2E13F2039E61F00FBC1FD /* Assets.xcassets */ = {isa = PBXFileReference; lastKnownFileType = folder.assetcatalog; path = Assets.xcassets; sourceTree = "<group>"; };
		FEB2E1422039E61F00FBC1FD /* Base */ = {isa = PBXFileReference; lastKnownFileType = file.storyboard; name = Base; path = Base.lproj/LaunchScreen.storyboard; sourceTree = "<group>"; };
		FEB2E1442039E61F00FBC1FD /* Info.plist */ = {isa = PBXFileReference; lastKnownFileType = text.plist.xml; path = Info.plist; sourceTree = "<group>"; };
		FEB2E1492039E61F00FBC1FD /* xingTests.xctest */ = {isa = PBXFileReference; explicitFileType = wrapper.cfbundle; includeInIndex = 0; path = xingTests.xctest; sourceTree = BUILT_PRODUCTS_DIR; };
		FEB2E14D2039E61F00FBC1FD /* xingTests.swift */ = {isa = PBXFileReference; lastKnownFileType = sourcecode.swift; path = xingTests.swift; sourceTree = "<group>"; };
		FEB2E14F2039E61F00FBC1FD /* Info.plist */ = {isa = PBXFileReference; lastKnownFileType = text.plist.xml; path = Info.plist; sourceTree = "<group>"; };
		FEB2E1542039E61F00FBC1FD /* xingUITests.xctest */ = {isa = PBXFileReference; explicitFileType = wrapper.cfbundle; includeInIndex = 0; path = xingUITests.xctest; sourceTree = BUILT_PRODUCTS_DIR; };
		FEB2E1582039E61F00FBC1FD /* xingUITests.swift */ = {isa = PBXFileReference; lastKnownFileType = sourcecode.swift; path = xingUITests.swift; sourceTree = "<group>"; };
		FEB2E15A2039E61F00FBC1FD /* Info.plist */ = {isa = PBXFileReference; lastKnownFileType = text.plist.xml; path = Info.plist; sourceTree = "<group>"; };
		FEB2E1662039E64400FBC1FD /* MainViewController.swift */ = {isa = PBXFileReference; lastKnownFileType = sourcecode.swift; path = MainViewController.swift; sourceTree = "<group>"; };
		FEB2E1682039E80B00FBC1FD /* ExtensionMainView.swift */ = {isa = PBXFileReference; lastKnownFileType = sourcecode.swift; path = ExtensionMainView.swift; sourceTree = "<group>"; };
		FEB2E16B2039E8C500FBC1FD /* MainCollectionViewCell.swift */ = {isa = PBXFileReference; lastKnownFileType = sourcecode.swift; path = MainCollectionViewCell.swift; sourceTree = "<group>"; };
		FEB2E16F2039E9BB00FBC1FD /* Repository.swift */ = {isa = PBXFileReference; lastKnownFileType = sourcecode.swift; path = Repository.swift; sourceTree = "<group>"; };
		FEB2E1712039ED1A00FBC1FD /* DownloadData.swift */ = {isa = PBXFileReference; lastKnownFileType = sourcecode.swift; path = DownloadData.swift; sourceTree = "<group>"; };
		FEB2E1732039ED6400FBC1FD /* URLFiles.swift */ = {isa = PBXFileReference; lastKnownFileType = sourcecode.swift; path = URLFiles.swift; sourceTree = "<group>"; };
		FEB2E1752039EDC300FBC1FD /* JsonParser.swift */ = {isa = PBXFileReference; lastKnownFileType = sourcecode.swift; path = JsonParser.swift; sourceTree = "<group>"; };
/* End PBXFileReference section */

/* Begin PBXFrameworksBuildPhase section */
		FEB2E1322039E61F00FBC1FD /* Frameworks */ = {
			isa = PBXFrameworksBuildPhase;
			buildActionMask = 2147483647;
			files = (
				E57414E5CC270675AF1A03B7 /* Pods_xing.framework in Frameworks */,
			);
			runOnlyForDeploymentPostprocessing = 0;
		};
		FEB2E1462039E61F00FBC1FD /* Frameworks */ = {
			isa = PBXFrameworksBuildPhase;
			buildActionMask = 2147483647;
			files = (
				2681A2F3A1E8E5EBBAA1DF4D /* Pods_xingTests.framework in Frameworks */,
			);
			runOnlyForDeploymentPostprocessing = 0;
		};
		FEB2E1512039E61F00FBC1FD /* Frameworks */ = {
			isa = PBXFrameworksBuildPhase;
			buildActionMask = 2147483647;
			files = (
				7916EE2ECF5F627912FD66CE /* Pods_xingUITests.framework in Frameworks */,
			);
			runOnlyForDeploymentPostprocessing = 0;
		};
/* End PBXFrameworksBuildPhase section */

/* Begin PBXGroup section */
		D8C659728676FB530A6ACDB3 /* Frameworks */ = {
			isa = PBXGroup;
			children = (
				1CA993201F13AC633AAC95C0 /* Pods_xing.framework */,
				DCDD92035E62400932CC7470 /* Pods_xingTests.framework */,
				81971CD26FF13B2B8F1B1D33 /* Pods_xingUITests.framework */,
			);
			name = Frameworks;
			sourceTree = "<group>";
		};
		D9764D3C7614A18717003FBC /* Pods */ = {
			isa = PBXGroup;
			children = (
				96C1D92476E4DE311950B72F /* Pods-xing.debug.xcconfig */,
				89ECDE2CBB854C3D14C0FF7D /* Pods-xing.release.xcconfig */,
				9C3C7AC26871EB71ADD35B31 /* Pods-xingTests.debug.xcconfig */,
				D266A3EA76647823365C0B10 /* Pods-xingTests.release.xcconfig */,
				F988716A9785EF613C282D55 /* Pods-xingUITests.debug.xcconfig */,
				754F7B8DDD256B16548C4A6A /* Pods-xingUITests.release.xcconfig */,
			);
			name = Pods;
			sourceTree = "<group>";
		};
		FE9E8230203A3A0400924C89 /* CoreData */ = {
			isa = PBXGroup;
			children = (
				FE9E8231203A3A2600924C89 /* CoreData.swift */,
				FE9E8233203A3D1800924C89 /* CoreDataParser.swift */,
			);
			path = CoreData;
			sourceTree = "<group>";
		};
		FE9E8235203A45E900924C89 /* Reachability */ = {
			isa = PBXGroup;
			children = (
				FE9E8236203A45F500924C89 /* Reachability.swift */,
			);
			path = Reachability;
			sourceTree = "<group>";
		};
		FEB2E12C2039E61F00FBC1FD = {
			isa = PBXGroup;
			children = (
				FEB2E1372039E61F00FBC1FD /* xing */,
				FEB2E14C2039E61F00FBC1FD /* xingTests */,
				FEB2E1572039E61F00FBC1FD /* xingUITests */,
				FEB2E1362039E61F00FBC1FD /* Products */,
				D9764D3C7614A18717003FBC /* Pods */,
				D8C659728676FB530A6ACDB3 /* Frameworks */,
			);
			sourceTree = "<group>";
		};
		FEB2E1362039E61F00FBC1FD /* Products */ = {
			isa = PBXGroup;
			children = (
				FEB2E1352039E61F00FBC1FD /* xing.app */,
				FEB2E1492039E61F00FBC1FD /* xingTests.xctest */,
				FEB2E1542039E61F00FBC1FD /* xingUITests.xctest */,
			);
			name = Products;
			sourceTree = "<group>";
		};
		FEB2E1372039E61F00FBC1FD /* xing */ = {
			isa = PBXGroup;
			children = (
				FEB2E1382039E61F00FBC1FD /* AppDelegate.swift */,
				FEB2E16E2039E9A100FBC1FD /* Model */,
				FEB2E16D2039E8D300FBC1FD /* Controller */,
				FEB2E16A2039E8B300FBC1FD /* View */,
				FEB2E1442039E61F00FBC1FD /* Info.plist */,
			);
			path = xing;
			sourceTree = "<group>";
		};
		FEB2E14C2039E61F00FBC1FD /* xingTests */ = {
			isa = PBXGroup;
			children = (
				FEB2E14D2039E61F00FBC1FD /* xingTests.swift */,
				FEB2E14F2039E61F00FBC1FD /* Info.plist */,
			);
			path = xingTests;
			sourceTree = "<group>";
		};
		FEB2E1572039E61F00FBC1FD /* xingUITests */ = {
			isa = PBXGroup;
			children = (
				FEB2E1582039E61F00FBC1FD /* xingUITests.swift */,
				FEB2E15A2039E61F00FBC1FD /* Info.plist */,
			);
			path = xingUITests;
			sourceTree = "<group>";
		};
		FEB2E16A2039E8B300FBC1FD /* View */ = {
			isa = PBXGroup;
			children = (
				FEB2E16B2039E8C500FBC1FD /* MainCollectionViewCell.swift */,
				FEB2E13C2039E61F00FBC1FD /* Main.storyboard */,
				FEB2E13F2039E61F00FBC1FD /* Assets.xcassets */,
				FEB2E1412039E61F00FBC1FD /* LaunchScreen.storyboard */,
			);
			path = View;
			sourceTree = "<group>";
		};
		FEB2E16D2039E8D300FBC1FD /* Controller */ = {
			isa = PBXGroup;
			children = (
				FEB2E1662039E64400FBC1FD /* MainViewController.swift */,
				FEB2E1682039E80B00FBC1FD /* ExtensionMainView.swift */,
			);
			path = Controller;
			sourceTree = "<group>";
		};
		FEB2E16E2039E9A100FBC1FD /* Model */ = {
			isa = PBXGroup;
			children = (
				FE9E8235203A45E900924C89 /* Reachability */,
				FE9E8230203A3A0400924C89 /* CoreData */,
				FEB2E16F2039E9BB00FBC1FD /* Repository.swift */,
				FE9E822B2039EF2E00924C89 /* Repositories.swift */,
				FEB2E1712039ED1A00FBC1FD /* DownloadData.swift */,
				FEB2E1732039ED6400FBC1FD /* URLFiles.swift */,
				FEB2E1752039EDC300FBC1FD /* JsonParser.swift */,
				FE9E822D203A2D0800924C89 /* Model.xcdatamodeld */,
			);
			path = Model;
			sourceTree = "<group>";
		};
/* End PBXGroup section */

/* Begin PBXNativeTarget section */
		FEB2E1342039E61F00FBC1FD /* xing */ = {
			isa = PBXNativeTarget;
			buildConfigurationList = FEB2E15D2039E61F00FBC1FD /* Build configuration list for PBXNativeTarget "xing" */;
			buildPhases = (
				C834AF7572A5E088BBC2D2E9 /* [CP] Check Pods Manifest.lock */,
				FEB2E1312039E61F00FBC1FD /* Sources */,
				FEB2E1322039E61F00FBC1FD /* Frameworks */,
				FEB2E1332039E61F00FBC1FD /* Resources */,
				7B4F0D2B7BF032249B592007 /* [CP] Embed Pods Frameworks */,
				F91C83654333F63C2975BA9E /* [CP] Copy Pods Resources */,
			);
			buildRules = (
			);
			dependencies = (
			);
			name = xing;
			productName = xing;
			productReference = FEB2E1352039E61F00FBC1FD /* xing.app */;
			productType = "com.apple.product-type.application";
		};
		FEB2E1482039E61F00FBC1FD /* xingTests */ = {
			isa = PBXNativeTarget;
			buildConfigurationList = FEB2E1602039E61F00FBC1FD /* Build configuration list for PBXNativeTarget "xingTests" */;
			buildPhases = (
				5D6286CAA674192A3BF09F71 /* [CP] Check Pods Manifest.lock */,
				FEB2E1452039E61F00FBC1FD /* Sources */,
				FEB2E1462039E61F00FBC1FD /* Frameworks */,
				FEB2E1472039E61F00FBC1FD /* Resources */,
				ED95E85057BC771B138BE27D /* [CP] Embed Pods Frameworks */,
				B0472FC2A4705B46B5052B21 /* [CP] Copy Pods Resources */,
			);
			buildRules = (
			);
			dependencies = (
				FEB2E14B2039E61F00FBC1FD /* PBXTargetDependency */,
			);
			name = xingTests;
			productName = xingTests;
			productReference = FEB2E1492039E61F00FBC1FD /* xingTests.xctest */;
			productType = "com.apple.product-type.bundle.unit-test";
		};
		FEB2E1532039E61F00FBC1FD /* xingUITests */ = {
			isa = PBXNativeTarget;
			buildConfigurationList = FEB2E1632039E61F00FBC1FD /* Build configuration list for PBXNativeTarget "xingUITests" */;
			buildPhases = (
				24F746875560023DD25DC901 /* [CP] Check Pods Manifest.lock */,
				FEB2E1502039E61F00FBC1FD /* Sources */,
				FEB2E1512039E61F00FBC1FD /* Frameworks */,
				FEB2E1522039E61F00FBC1FD /* Resources */,
				EC1E8FFAB75698EBA4C9EA36 /* [CP] Embed Pods Frameworks */,
				2A07B5B6E87C014CE6ED8C39 /* [CP] Copy Pods Resources */,
			);
			buildRules = (
			);
			dependencies = (
				FEB2E1562039E61F00FBC1FD /* PBXTargetDependency */,
			);
			name = xingUITests;
			productName = xingUITests;
			productReference = FEB2E1542039E61F00FBC1FD /* xingUITests.xctest */;
			productType = "com.apple.product-type.bundle.ui-testing";
		};
/* End PBXNativeTarget section */

/* Begin PBXProject section */
		FEB2E12D2039E61F00FBC1FD /* Project object */ = {
			isa = PBXProject;
			attributes = {
				LastSwiftUpdateCheck = 0920;
				LastUpgradeCheck = 0920;
				ORGANIZATIONNAME = "Juan Landy";
				TargetAttributes = {
					FEB2E1342039E61F00FBC1FD = {
						CreatedOnToolsVersion = 9.2;
						ProvisioningStyle = Automatic;
					};
					FEB2E1482039E61F00FBC1FD = {
						CreatedOnToolsVersion = 9.2;
						ProvisioningStyle = Automatic;
						TestTargetID = FEB2E1342039E61F00FBC1FD;
					};
					FEB2E1532039E61F00FBC1FD = {
						CreatedOnToolsVersion = 9.2;
						ProvisioningStyle = Automatic;
						TestTargetID = FEB2E1342039E61F00FBC1FD;
					};
				};
			};
			buildConfigurationList = FEB2E1302039E61F00FBC1FD /* Build configuration list for PBXProject "xing" */;
			compatibilityVersion = "Xcode 8.0";
			developmentRegion = en;
			hasScannedForEncodings = 0;
			knownRegions = (
				en,
				Base,
			);
			mainGroup = FEB2E12C2039E61F00FBC1FD;
			productRefGroup = FEB2E1362039E61F00FBC1FD /* Products */;
			projectDirPath = "";
			projectRoot = "";
			targets = (
				FEB2E1342039E61F00FBC1FD /* xing */,
				FEB2E1482039E61F00FBC1FD /* xingTests */,
				FEB2E1532039E61F00FBC1FD /* xingUITests */,
			);
		};
/* End PBXProject section */

/* Begin PBXResourcesBuildPhase section */
		FEB2E1332039E61F00FBC1FD /* Resources */ = {
			isa = PBXResourcesBuildPhase;
			buildActionMask = 2147483647;
			files = (
				FEB2E1432039E61F00FBC1FD /* LaunchScreen.storyboard in Resources */,
				FEB2E1402039E61F00FBC1FD /* Assets.xcassets in Resources */,
				FEB2E13E2039E61F00FBC1FD /* Main.storyboard in Resources */,
			);
			runOnlyForDeploymentPostprocessing = 0;
		};
		FEB2E1472039E61F00FBC1FD /* Resources */ = {
			isa = PBXResourcesBuildPhase;
			buildActionMask = 2147483647;
			files = (
			);
			runOnlyForDeploymentPostprocessing = 0;
		};
		FEB2E1522039E61F00FBC1FD /* Resources */ = {
			isa = PBXResourcesBuildPhase;
			buildActionMask = 2147483647;
			files = (
			);
			runOnlyForDeploymentPostprocessing = 0;
		};
/* End PBXResourcesBuildPhase section */

/* Begin PBXShellScriptBuildPhase section */
		24F746875560023DD25DC901 /* [CP] Check Pods Manifest.lock */ = {
			isa = PBXShellScriptBuildPhase;
			buildActionMask = 2147483647;
			files = (
			);
			inputPaths = (
				"${PODS_PODFILE_DIR_PATH}/Podfile.lock",
				"${PODS_ROOT}/Manifest.lock",
			);
			name = "[CP] Check Pods Manifest.lock";
			outputPaths = (
				"$(DERIVED_FILE_DIR)/Pods-xingUITests-checkManifestLockResult.txt",
			);
			runOnlyForDeploymentPostprocessing = 0;
			shellPath = /bin/sh;
			shellScript = "diff \"${PODS_PODFILE_DIR_PATH}/Podfile.lock\" \"${PODS_ROOT}/Manifest.lock\" > /dev/null\nif [ $? != 0 ] ; then\n    # print error to STDERR\n    echo \"error: The sandbox is not in sync with the Podfile.lock. Run 'pod install' or update your CocoaPods installation.\" >&2\n    exit 1\nfi\n# This output is used by Xcode 'outputs' to avoid re-running this script phase.\necho \"SUCCESS\" > \"${SCRIPT_OUTPUT_FILE_0}\"\n";
			showEnvVarsInLog = 0;
		};
		2A07B5B6E87C014CE6ED8C39 /* [CP] Copy Pods Resources */ = {
			isa = PBXShellScriptBuildPhase;
			buildActionMask = 2147483647;
			files = (
			);
			inputPaths = (
			);
			name = "[CP] Copy Pods Resources";
			outputPaths = (
			);
			runOnlyForDeploymentPostprocessing = 0;
			shellPath = /bin/sh;
			shellScript = "\"${SRCROOT}/Pods/Target Support Files/Pods-xingUITests/Pods-xingUITests-resources.sh\"\n";
			showEnvVarsInLog = 0;
		};
		5D6286CAA674192A3BF09F71 /* [CP] Check Pods Manifest.lock */ = {
			isa = PBXShellScriptBuildPhase;
			buildActionMask = 2147483647;
			files = (
			);
			inputPaths = (
				"${PODS_PODFILE_DIR_PATH}/Podfile.lock",
				"${PODS_ROOT}/Manifest.lock",
			);
			name = "[CP] Check Pods Manifest.lock";
			outputPaths = (
				"$(DERIVED_FILE_DIR)/Pods-xingTests-checkManifestLockResult.txt",
			);
			runOnlyForDeploymentPostprocessing = 0;
			shellPath = /bin/sh;
			shellScript = "diff \"${PODS_PODFILE_DIR_PATH}/Podfile.lock\" \"${PODS_ROOT}/Manifest.lock\" > /dev/null\nif [ $? != 0 ] ; then\n    # print error to STDERR\n    echo \"error: The sandbox is not in sync with the Podfile.lock. Run 'pod install' or update your CocoaPods installation.\" >&2\n    exit 1\nfi\n# This output is used by Xcode 'outputs' to avoid re-running this script phase.\necho \"SUCCESS\" > \"${SCRIPT_OUTPUT_FILE_0}\"\n";
			showEnvVarsInLog = 0;
		};
		7B4F0D2B7BF032249B592007 /* [CP] Embed Pods Frameworks */ = {
			isa = PBXShellScriptBuildPhase;
			buildActionMask = 2147483647;
			files = (
			);
			inputPaths = (
				"${SRCROOT}/Pods/Target Support Files/Pods-xing/Pods-xing-frameworks.sh",
				"${BUILT_PRODUCTS_DIR}/ASProgressHud/ASProgressHud.framework",
				"${BUILT_PRODUCTS_DIR}/IMNetworkReachability/IMNetworkReachability.framework",
			);
			name = "[CP] Embed Pods Frameworks";
			outputPaths = (
				"${TARGET_BUILD_DIR}/${FRAMEWORKS_FOLDER_PATH}/ASProgressHud.framework",
				"${TARGET_BUILD_DIR}/${FRAMEWORKS_FOLDER_PATH}/IMNetworkReachability.framework",
			);
			runOnlyForDeploymentPostprocessing = 0;
			shellPath = /bin/sh;
			shellScript = "\"${SRCROOT}/Pods/Target Support Files/Pods-xing/Pods-xing-frameworks.sh\"\n";
			showEnvVarsInLog = 0;
		};
		B0472FC2A4705B46B5052B21 /* [CP] Copy Pods Resources */ = {
			isa = PBXShellScriptBuildPhase;
			buildActionMask = 2147483647;
			files = (
			);
			inputPaths = (
			);
			name = "[CP] Copy Pods Resources";
			outputPaths = (
			);
			runOnlyForDeploymentPostprocessing = 0;
			shellPath = /bin/sh;
			shellScript = "\"${SRCROOT}/Pods/Target Support Files/Pods-xingTests/Pods-xingTests-resources.sh\"\n";
			showEnvVarsInLog = 0;
		};
		C834AF7572A5E088BBC2D2E9 /* [CP] Check Pods Manifest.lock */ = {
			isa = PBXShellScriptBuildPhase;
			buildActionMask = 2147483647;
			files = (
			);
			inputPaths = (
				"${PODS_PODFILE_DIR_PATH}/Podfile.lock",
				"${PODS_ROOT}/Manifest.lock",
			);
			name = "[CP] Check Pods Manifest.lock";
			outputPaths = (
				"$(DERIVED_FILE_DIR)/Pods-xing-checkManifestLockResult.txt",
			);
			runOnlyForDeploymentPostprocessing = 0;
			shellPath = /bin/sh;
			shellScript = "diff \"${PODS_PODFILE_DIR_PATH}/Podfile.lock\" \"${PODS_ROOT}/Manifest.lock\" > /dev/null\nif [ $? != 0 ] ; then\n    # print error to STDERR\n    echo \"error: The sandbox is not in sync with the Podfile.lock. Run 'pod install' or update your CocoaPods installation.\" >&2\n    exit 1\nfi\n# This output is used by Xcode 'outputs' to avoid re-running this script phase.\necho \"SUCCESS\" > \"${SCRIPT_OUTPUT_FILE_0}\"\n";
			showEnvVarsInLog = 0;
		};
		EC1E8FFAB75698EBA4C9EA36 /* [CP] Embed Pods Frameworks */ = {
			isa = PBXShellScriptBuildPhase;
			buildActionMask = 2147483647;
			files = (
			);
			inputPaths = (
			);
			name = "[CP] Embed Pods Frameworks";
			outputPaths = (
			);
			runOnlyForDeploymentPostprocessing = 0;
			shellPath = /bin/sh;
			shellScript = "\"${SRCROOT}/Pods/Target Support Files/Pods-xingUITests/Pods-xingUITests-frameworks.sh\"\n";
			showEnvVarsInLog = 0;
		};
		ED95E85057BC771B138BE27D /* [CP] Embed Pods Frameworks */ = {
			isa = PBXShellScriptBuildPhase;
			buildActionMask = 2147483647;
			files = (
			);
			inputPaths = (
			);
			name = "[CP] Embed Pods Frameworks";
			outputPaths = (
			);
			runOnlyForDeploymentPostprocessing = 0;
			shellPath = /bin/sh;
			shellScript = "\"${SRCROOT}/Pods/Target Support Files/Pods-xingTests/Pods-xingTests-frameworks.sh\"\n";
			showEnvVarsInLog = 0;
		};
		F91C83654333F63C2975BA9E /* [CP] Copy Pods Resources */ = {
			isa = PBXShellScriptBuildPhase;
			buildActionMask = 2147483647;
			files = (
			);
			inputPaths = (
			);
			name = "[CP] Copy Pods Resources";
			outputPaths = (
			);
			runOnlyForDeploymentPostprocessing = 0;
			shellPath = /bin/sh;
			shellScript = "\"${SRCROOT}/Pods/Target Support Files/Pods-xing/Pods-xing-resources.sh\"\n";
			showEnvVarsInLog = 0;
		};
/* End PBXShellScriptBuildPhase section */

/* Begin PBXSourcesBuildPhase section */
		FEB2E1312039E61F00FBC1FD /* Sources */ = {
			isa = PBXSourcesBuildPhase;
			buildActionMask = 2147483647;
			files = (
				FEB2E1692039E80B00FBC1FD /* ExtensionMainView.swift in Sources */,
				FEB2E1742039ED6400FBC1FD /* URLFiles.swift in Sources */,
				FEB2E1762039EDC300FBC1FD /* JsonParser.swift in Sources */,
				FEB2E1392039E61F00FBC1FD /* AppDelegate.swift in Sources */,
				FE9E8232203A3A2600924C89 /* CoreData.swift in Sources */,
				FEB2E1702039E9BB00FBC1FD /* Repository.swift in Sources */,
				FE9E822C2039EF2F00924C89 /* Repositories.swift in Sources */,
				FEB2E1672039E64400FBC1FD /* MainViewController.swift in Sources */,
				FE9E822F203A2D0800924C89 /* Model.xcdatamodeld in Sources */,
				FEB2E16C2039E8C500FBC1FD /* MainCollectionViewCell.swift in Sources */,
				FEB2E1722039ED1A00FBC1FD /* DownloadData.swift in Sources */,
				FE9E8234203A3D1800924C89 /* CoreDataParser.swift in Sources */,
				FE9E8237203A45F500924C89 /* Reachability.swift in Sources */,
			);
			runOnlyForDeploymentPostprocessing = 0;
		};
		FEB2E1452039E61F00FBC1FD /* Sources */ = {
			isa = PBXSourcesBuildPhase;
			buildActionMask = 2147483647;
			files = (
				FEB2E14E2039E61F00FBC1FD /* xingTests.swift in Sources */,
			);
			runOnlyForDeploymentPostprocessing = 0;
		};
		FEB2E1502039E61F00FBC1FD /* Sources */ = {
			isa = PBXSourcesBuildPhase;
			buildActionMask = 2147483647;
			files = (
				FEB2E1592039E61F00FBC1FD /* xingUITests.swift in Sources */,
			);
			runOnlyForDeploymentPostprocessing = 0;
		};
/* End PBXSourcesBuildPhase section */

/* Begin PBXTargetDependency section */
		FEB2E14B2039E61F00FBC1FD /* PBXTargetDependency */ = {
			isa = PBXTargetDependency;
			target = FEB2E1342039E61F00FBC1FD /* xing */;
			targetProxy = FEB2E14A2039E61F00FBC1FD /* PBXContainerItemProxy */;
		};
		FEB2E1562039E61F00FBC1FD /* PBXTargetDependency */ = {
			isa = PBXTargetDependency;
			target = FEB2E1342039E61F00FBC1FD /* xing */;
			targetProxy = FEB2E1552039E61F00FBC1FD /* PBXContainerItemProxy */;
		};
/* End PBXTargetDependency section */

/* Begin PBXVariantGroup section */
		FEB2E13C2039E61F00FBC1FD /* Main.storyboard */ = {
			isa = PBXVariantGroup;
			children = (
				FEB2E13D2039E61F00FBC1FD /* Base */,
			);
			name = Main.storyboard;
			sourceTree = "<group>";
		};
		FEB2E1412039E61F00FBC1FD /* LaunchScreen.storyboard */ = {
			isa = PBXVariantGroup;
			children = (
				FEB2E1422039E61F00FBC1FD /* Base */,
			);
			name = LaunchScreen.storyboard;
			sourceTree = "<group>";
		};
/* End PBXVariantGroup section */

/* Begin XCBuildConfiguration section */
		FEB2E15B2039E61F00FBC1FD /* Debug */ = {
			isa = XCBuildConfiguration;
			buildSettings = {
				ALWAYS_SEARCH_USER_PATHS = NO;
				CLANG_ANALYZER_NONNULL = YES;
				CLANG_ANALYZER_NUMBER_OBJECT_CONVERSION = YES_AGGRESSIVE;
				CLANG_CXX_LANGUAGE_STANDARD = "gnu++14";
				CLANG_CXX_LIBRARY = "libc++";
				CLANG_ENABLE_MODULES = YES;
				CLANG_ENABLE_OBJC_ARC = YES;
				CLANG_WARN_BLOCK_CAPTURE_AUTORELEASING = YES;
				CLANG_WARN_BOOL_CONVERSION = YES;
				CLANG_WARN_COMMA = YES;
				CLANG_WARN_CONSTANT_CONVERSION = YES;
				CLANG_WARN_DIRECT_OBJC_ISA_USAGE = YES_ERROR;
				CLANG_WARN_DOCUMENTATION_COMMENTS = YES;
				CLANG_WARN_EMPTY_BODY = YES;
				CLANG_WARN_ENUM_CONVERSION = YES;
				CLANG_WARN_INFINITE_RECURSION = YES;
				CLANG_WARN_INT_CONVERSION = YES;
				CLANG_WARN_NON_LITERAL_NULL_CONVERSION = YES;
				CLANG_WARN_OBJC_LITERAL_CONVERSION = YES;
				CLANG_WARN_OBJC_ROOT_CLASS = YES_ERROR;
				CLANG_WARN_RANGE_LOOP_ANALYSIS = YES;
				CLANG_WARN_STRICT_PROTOTYPES = YES;
				CLANG_WARN_SUSPICIOUS_MOVE = YES;
				CLANG_WARN_UNGUARDED_AVAILABILITY = YES_AGGRESSIVE;
				CLANG_WARN_UNREACHABLE_CODE = YES;
				CLANG_WARN__DUPLICATE_METHOD_MATCH = YES;
				CODE_SIGN_IDENTITY = "iPhone Developer";
				COPY_PHASE_STRIP = NO;
				DEBUG_INFORMATION_FORMAT = dwarf;
				ENABLE_STRICT_OBJC_MSGSEND = YES;
				ENABLE_TESTABILITY = YES;
				GCC_C_LANGUAGE_STANDARD = gnu11;
				GCC_DYNAMIC_NO_PIC = NO;
				GCC_NO_COMMON_BLOCKS = YES;
				GCC_OPTIMIZATION_LEVEL = 0;
				GCC_PREPROCESSOR_DEFINITIONS = (
					"DEBUG=1",
					"$(inherited)",
				);
				GCC_WARN_64_TO_32_BIT_CONVERSION = YES;
				GCC_WARN_ABOUT_RETURN_TYPE = YES_ERROR;
				GCC_WARN_UNDECLARED_SELECTOR = YES;
				GCC_WARN_UNINITIALIZED_AUTOS = YES_AGGRESSIVE;
				GCC_WARN_UNUSED_FUNCTION = YES;
				GCC_WARN_UNUSED_VARIABLE = YES;
				IPHONEOS_DEPLOYMENT_TARGET = 11.2;
				MTL_ENABLE_DEBUG_INFO = YES;
				ONLY_ACTIVE_ARCH = YES;
				SDKROOT = iphoneos;
				SWIFT_ACTIVE_COMPILATION_CONDITIONS = DEBUG;
				SWIFT_OPTIMIZATION_LEVEL = "-Onone";
			};
			name = Debug;
		};
		FEB2E15C2039E61F00FBC1FD /* Release */ = {
			isa = XCBuildConfiguration;
			buildSettings = {
				ALWAYS_SEARCH_USER_PATHS = NO;
				CLANG_ANALYZER_NONNULL = YES;
				CLANG_ANALYZER_NUMBER_OBJECT_CONVERSION = YES_AGGRESSIVE;
				CLANG_CXX_LANGUAGE_STANDARD = "gnu++14";
				CLANG_CXX_LIBRARY = "libc++";
				CLANG_ENABLE_MODULES = YES;
				CLANG_ENABLE_OBJC_ARC = YES;
				CLANG_WARN_BLOCK_CAPTURE_AUTORELEASING = YES;
				CLANG_WARN_BOOL_CONVERSION = YES;
				CLANG_WARN_COMMA = YES;
				CLANG_WARN_CONSTANT_CONVERSION = YES;
				CLANG_WARN_DIRECT_OBJC_ISA_USAGE = YES_ERROR;
				CLANG_WARN_DOCUMENTATION_COMMENTS = YES;
				CLANG_WARN_EMPTY_BODY = YES;
				CLANG_WARN_ENUM_CONVERSION = YES;
				CLANG_WARN_INFINITE_RECURSION = YES;
				CLANG_WARN_INT_CONVERSION = YES;
				CLANG_WARN_NON_LITERAL_NULL_CONVERSION = YES;
				CLANG_WARN_OBJC_LITERAL_CONVERSION = YES;
				CLANG_WARN_OBJC_ROOT_CLASS = YES_ERROR;
				CLANG_WARN_RANGE_LOOP_ANALYSIS = YES;
				CLANG_WARN_STRICT_PROTOTYPES = YES;
				CLANG_WARN_SUSPICIOUS_MOVE = YES;
				CLANG_WARN_UNGUARDED_AVAILABILITY = YES_AGGRESSIVE;
				CLANG_WARN_UNREACHABLE_CODE = YES;
				CLANG_WARN__DUPLICATE_METHOD_MATCH = YES;
				CODE_SIGN_IDENTITY = "iPhone Developer";
				COPY_PHASE_STRIP = NO;
				DEBUG_INFORMATION_FORMAT = "dwarf-with-dsym";
				ENABLE_NS_ASSERTIONS = NO;
				ENABLE_STRICT_OBJC_MSGSEND = YES;
				GCC_C_LANGUAGE_STANDARD = gnu11;
				GCC_NO_COMMON_BLOCKS = YES;
				GCC_WARN_64_TO_32_BIT_CONVERSION = YES;
				GCC_WARN_ABOUT_RETURN_TYPE = YES_ERROR;
				GCC_WARN_UNDECLARED_SELECTOR = YES;
				GCC_WARN_UNINITIALIZED_AUTOS = YES_AGGRESSIVE;
				GCC_WARN_UNUSED_FUNCTION = YES;
				GCC_WARN_UNUSED_VARIABLE = YES;
				IPHONEOS_DEPLOYMENT_TARGET = 11.2;
				MTL_ENABLE_DEBUG_INFO = NO;
				SDKROOT = iphoneos;
				SWIFT_OPTIMIZATION_LEVEL = "-Owholemodule";
				VALIDATE_PRODUCT = YES;
			};
			name = Release;
		};
		FEB2E15E2039E61F00FBC1FD /* Debug */ = {
			isa = XCBuildConfiguration;
			baseConfigurationReference = 96C1D92476E4DE311950B72F /* Pods-xing.debug.xcconfig */;
			buildSettings = {
				ASSETCATALOG_COMPILER_APPICON_NAME = AppIcon;
				CODE_SIGN_STYLE = Automatic;
				INFOPLIST_FILE = xing/Info.plist;
				LD_RUNPATH_SEARCH_PATHS = "$(inherited) @executable_path/Frameworks";
				PRODUCT_BUNDLE_IDENTIFIER = com.xing;
				PRODUCT_NAME = "$(TARGET_NAME)";
				SWIFT_VERSION = 4.0;
				TARGETED_DEVICE_FAMILY = "1,2";
			};
			name = Debug;
		};
		FEB2E15F2039E61F00FBC1FD /* Release */ = {
			isa = XCBuildConfiguration;
			baseConfigurationReference = 89ECDE2CBB854C3D14C0FF7D /* Pods-xing.release.xcconfig */;
			buildSettings = {
				ASSETCATALOG_COMPILER_APPICON_NAME = AppIcon;
				CODE_SIGN_STYLE = Automatic;
				INFOPLIST_FILE = xing/Info.plist;
				LD_RUNPATH_SEARCH_PATHS = "$(inherited) @executable_path/Frameworks";
				PRODUCT_BUNDLE_IDENTIFIER = com.xing;
				PRODUCT_NAME = "$(TARGET_NAME)";
				SWIFT_VERSION = 4.0;
				TARGETED_DEVICE_FAMILY = "1,2";
			};
			name = Release;
		};
		FEB2E1612039E61F00FBC1FD /* Debug */ = {
			isa = XCBuildConfiguration;
			baseConfigurationReference = 9C3C7AC26871EB71ADD35B31 /* Pods-xingTests.debug.xcconfig */;
			buildSettings = {
				ALWAYS_EMBED_SWIFT_STANDARD_LIBRARIES = YES;
				BUNDLE_LOADER = "$(TEST_HOST)";
				CODE_SIGN_STYLE = Automatic;
				INFOPLIST_FILE = xingTests/Info.plist;
				LD_RUNPATH_SEARCH_PATHS = "$(inherited) @executable_path/Frameworks @loader_path/Frameworks";
				PRODUCT_BUNDLE_IDENTIFIER = com.xingTests;
				PRODUCT_NAME = "$(TARGET_NAME)";
				SWIFT_VERSION = 4.0;
				TARGETED_DEVICE_FAMILY = "1,2";
				TEST_HOST = "$(BUILT_PRODUCTS_DIR)/xing.app/xing";
			};
			name = Debug;
		};
		FEB2E1622039E61F00FBC1FD /* Release */ = {
			isa = XCBuildConfiguration;
			baseConfigurationReference = D266A3EA76647823365C0B10 /* Pods-xingTests.release.xcconfig */;
			buildSettings = {
				ALWAYS_EMBED_SWIFT_STANDARD_LIBRARIES = YES;
				BUNDLE_LOADER = "$(TEST_HOST)";
				CODE_SIGN_STYLE = Automatic;
				INFOPLIST_FILE = xingTests/Info.plist;
				LD_RUNPATH_SEARCH_PATHS = "$(inherited) @executable_path/Frameworks @loader_path/Frameworks";
				PRODUCT_BUNDLE_IDENTIFIER = com.xingTests;
				PRODUCT_NAME = "$(TARGET_NAME)";
				SWIFT_VERSION = 4.0;
				TARGETED_DEVICE_FAMILY = "1,2";
				TEST_HOST = "$(BUILT_PRODUCTS_DIR)/xing.app/xing";
			};
			name = Release;
		};
		FEB2E1642039E61F00FBC1FD /* Debug */ = {
			isa = XCBuildConfiguration;
			baseConfigurationReference = F988716A9785EF613C282D55 /* Pods-xingUITests.debug.xcconfig */;
			buildSettings = {
				ALWAYS_EMBED_SWIFT_STANDARD_LIBRARIES = YES;
				CODE_SIGN_STYLE = Automatic;
				INFOPLIST_FILE = xingUITests/Info.plist;
				LD_RUNPATH_SEARCH_PATHS = "$(inherited) @executable_path/Frameworks @loader_path/Frameworks";
				PRODUCT_BUNDLE_IDENTIFIER = com.xingUITests;
				PRODUCT_NAME = "$(TARGET_NAME)";
				SWIFT_VERSION = 4.0;
				TARGETED_DEVICE_FAMILY = "1,2";
				TEST_TARGET_NAME = xing;
			};
			name = Debug;
		};
		FEB2E1652039E61F00FBC1FD /* Release */ = {
			isa = XCBuildConfiguration;
			baseConfigurationReference = 754F7B8DDD256B16548C4A6A /* Pods-xingUITests.release.xcconfig */;
			buildSettings = {
				ALWAYS_EMBED_SWIFT_STANDARD_LIBRARIES = YES;
				CODE_SIGN_STYLE = Automatic;
				INFOPLIST_FILE = xingUITests/Info.plist;
				LD_RUNPATH_SEARCH_PATHS = "$(inherited) @executable_path/Frameworks @loader_path/Frameworks";
				PRODUCT_BUNDLE_IDENTIFIER = com.xingUITests;
				PRODUCT_NAME = "$(TARGET_NAME)";
				SWIFT_VERSION = 4.0;
				TARGETED_DEVICE_FAMILY = "1,2";
				TEST_TARGET_NAME = xing;
			};
			name = Release;
		};
/* End XCBuildConfiguration section */

/* Begin XCConfigurationList section */
		FEB2E1302039E61F00FBC1FD /* Build configuration list for PBXProject "xing" */ = {
			isa = XCConfigurationList;
			buildConfigurations = (
				FEB2E15B2039E61F00FBC1FD /* Debug */,
				FEB2E15C2039E61F00FBC1FD /* Release */,
			);
			defaultConfigurationIsVisible = 0;
			defaultConfigurationName = Release;
		};
		FEB2E15D2039E61F00FBC1FD /* Build configuration list for PBXNativeTarget "xing" */ = {
			isa = XCConfigurationList;
			buildConfigurations = (
				FEB2E15E2039E61F00FBC1FD /* Debug */,
				FEB2E15F2039E61F00FBC1FD /* Release */,
			);
			defaultConfigurationIsVisible = 0;
			defaultConfigurationName = Release;
		};
		FEB2E1602039E61F00FBC1FD /* Build configuration list for PBXNativeTarget "xingTests" */ = {
			isa = XCConfigurationList;
			buildConfigurations = (
				FEB2E1612039E61F00FBC1FD /* Debug */,
				FEB2E1622039E61F00FBC1FD /* Release */,
			);
			defaultConfigurationIsVisible = 0;
			defaultConfigurationName = Release;
		};
		FEB2E1632039E61F00FBC1FD /* Build configuration list for PBXNativeTarget "xingUITests" */ = {
			isa = XCConfigurationList;
			buildConfigurations = (
				FEB2E1642039E61F00FBC1FD /* Debug */,
				FEB2E1652039E61F00FBC1FD /* Release */,
			);
			defaultConfigurationIsVisible = 0;
			defaultConfigurationName = Release;
		};
/* End XCConfigurationList section */

/* Begin XCVersionGroup section */
		FE9E822D203A2D0800924C89 /* Model.xcdatamodeld */ = {
			isa = XCVersionGroup;
			children = (
				FE9E822E203A2D0800924C89 /* Model.xcdatamodel */,
			);
			currentVersion = FE9E822E203A2D0800924C89 /* Model.xcdatamodel */;
			path = Model.xcdatamodeld;
			sourceTree = "<group>";
			versionGroupType = wrapper.xcdatamodel;
		};
/* End XCVersionGroup section */
	};
	rootObject = FEB2E12D2039E61F00FBC1FD /* Project object */;
}
